
Microsoft Visual Studio Solution File, Format Version 12.00
# Visual Studio Version 17
VisualStudioVersion = 17.4.33205.214
MinimumVisualStudioVersion = 10.0.40219.1
Project("{9A19103F-16F7-4668-BE54-9A1E7A4F7556}") = "FreeTypeBinding", "FreeTypeBinding\FreeTypeBinding.csproj", "{DA9678FF-27D2-4172-B2DB-4226A586615E}"
EndProject
Project("{9A19103F-16F7-4668-BE54-9A1E7A4F7556}") = "FreeTypeBinding.Generator", "FreeTypeBinding.Generator\FreeTypeBinding.Generator.csproj", "{6BE5C2B4-C92E-4271-AF48-393978EA8C14}"
EndProject
Project("{9A19103F-16F7-4668-BE54-9A1E7A4F7556}") = "FreeTypeBinding.Demo", "FreeTypeBinding.Demo\FreeTypeBinding.Demo.csproj", "{18B830D5-3462-4329-B89A-1462B42A40AA}"
EndProject
Project("{9A19103F-16F7-4668-BE54-9A1E7A4F7556}") = "FreeTypeBinding.Native", "FreeTypeBinding.Native\FreeTypeBinding.Native.csproj", "{3717F33A-7CF0-4ECB-9F38-0D4757FFEDE9}"
EndProject
Project("{9A19103F-16F7-4668-BE54-9A1E7A4F7556}") = "BindingGenerator", "..\..\..\source\repos\BindingGenerator\BindingGenerator\BindingGenerator.csproj", "{FCDE1FC4-F110-45CC-9FAF-4C83022C4071}"
EndProject
Global
	GlobalSection(SolutionConfigurationPlatforms) = preSolution
		Debug|Any CPU = Debug|Any CPU
		Release|Any CPU = Release|Any CPU
	EndGlobalSection
	GlobalSection(ProjectConfigurationPlatforms) = postSolution
		{DA9678FF-27D2-4172-B2DB-4226A586615E}.Debug|Any CPU.ActiveCfg = Debug|Any CPU
		{DA9678FF-27D2-4172-B2DB-4226A586615E}.Debug|Any CPU.Build.0 = Debug|Any CPU
		{DA9678FF-27D2-4172-B2DB-4226A586615E}.Release|Any CPU.ActiveCfg = Release|Any CPU
		{DA9678FF-27D2-4172-B2DB-4226A586615E}.Release|Any CPU.Build.0 = Release|Any CPU
		{6BE5C2B4-C92E-4271-AF48-393978EA8C14}.Debug|Any CPU.ActiveCfg = Debug|Any CPU
		{6BE5C2B4-C92E-4271-AF48-393978EA8C14}.Debug|Any CPU.Build.0 = Debug|Any CPU
		{6BE5C2B4-C92E-4271-AF48-393978EA8C14}.Release|Any CPU.ActiveCfg = Release|Any CPU
		{6BE5C2B4-C92E-4271-AF48-393978EA8C14}.Release|Any CPU.Build.0 = Release|Any CPU
		{18B830D5-3462-4329-B89A-1462B42A40AA}.Debug|Any CPU.ActiveCfg = Debug|Any CPU
		{18B830D5-3462-4329-B89A-1462B42A40AA}.Debug|Any CPU.Build.0 = Debug|Any CPU
		{18B830D5-3462-4329-B89A-1462B42A40AA}.Release|Any CPU.ActiveCfg = Release|Any CPU
		{18B830D5-3462-4329-B89A-1462B42A40AA}.Release|Any CPU.Build.0 = Release|Any CPU
		{3717F33A-7CF0-4ECB-9F38-0D4757FFEDE9}.Debug|Any CPU.ActiveCfg = Debug|Any CPU
		{3717F33A-7CF0-4ECB-9F38-0D4757FFEDE9}.Debug|Any CPU.Build.0 = Debug|Any CPU
		{3717F33A-7CF0-4ECB-9F38-0D4757FFEDE9}.Release|Any CPU.ActiveCfg = Release|Any CPU
		{3717F33A-7CF0-4ECB-9F38-0D4757FFEDE9}.Release|Any CPU.Build.0 = Release|Any CPU
		{FCDE1FC4-F110-45CC-9FAF-4C83022C4071}.Debug|Any CPU.ActiveCfg = Debug|Any CPU
		{FCDE1FC4-F110-45CC-9FAF-4C83022C4071}.Debug|Any CPU.Build.0 = Debug|Any CPU
		{FCDE1FC4-F110-45CC-9FAF-4C83022C4071}.Release|Any CPU.ActiveCfg = Release|Any CPU
		{FCDE1FC4-F110-45CC-9FAF-4C83022C4071}.Release|Any CPU.Build.0 = Release|Any CPU
	EndGlobalSection
	GlobalSection(SolutionProperties) = preSolution
		HideSolutionNode = FALSE
	EndGlobalSection
	GlobalSection(ExtensibilityGlobals) = postSolution
		SolutionGuid = {5D16BE1B-E884-4FAD-87A9-CB419308DCE1}
	EndGlobalSection
EndGlobal
